
Microsoft Visual Studio Solution File, Format Version 12.00
# Visual Studio Version 16
VisualStudioVersion = 16.0.29519.87
MinimumVisualStudioVersion = 10.0.40219.1
Project("{FAE04EC0-301F-11D3-BF4B-00C04F79EFBC}") = "LoginRegistrationDemo", "LoginRegistrationDemo\LoginRegistrationDemo.csproj", "{C0D85109-2680-4326-A5B5-11AB3EB6D2F4}"
EndProject
Global
	GlobalSection(SolutionConfigurationPlatforms) = preSolution
		Debug|Any CPU = Debug|Any CPU
		Release|Any CPU = Release|Any CPU
	EndGlobalSection
	GlobalSection(ProjectConfigurationPlatforms) = postSolution
		{C0D85109-2680-4326-A5B5-11AB3EB6D2F4}.Debug|Any CPU.ActiveCfg = Debug|Any CPU
		{C0D85109-2680-4326-A5B5-11AB3EB6D2F4}.Debug|Any CPU.Build.0 = Debug|Any CPU
		{C0D85109-2680-4326-A5B5-11AB3EB6D2F4}.Release|Any CPU.ActiveCfg = Release|Any CPU
		{C0D85109-2680-4326-A5B5-11AB3EB6D2F4}.Release|Any CPU.Build.0 = Release|Any CPU
	EndGlobalSection
	GlobalSection(SolutionProperties) = preSolution
		HideSolutionNode = FALSE
	EndGlobalSection
	GlobalSection(ExtensibilityGlobals) = postSolution
		SolutionGuid = {CABE1F72-C603-4C0C-8489-226782972D44}
	EndGlobalSection
EndGlobal
